
Microsoft Visual Studio Solution File, Format Version 12.00
# Visual Studio 14
VisualStudioVersion = 14.0.25123.0
MinimumVisualStudioVersion = 10.0.40219.1
Project("{FAE04EC0-301F-11D3-BF4B-00C04F79EFBC}") = "Asimov", "asimov\Asimov.csproj", "{2B5565B9-6F5A-49F8-93A3-BF86F1A928A1}"
EndProject
Project("{FAE04EC0-301F-11D3-BF4B-00C04F79EFBC}") = "Demo", "Demo\Demo.csproj", "{3F75E8C1-BE9E-4107-9417-3674C1C6B8FF}"
EndProject
Global
	GlobalSection(SolutionConfigurationPlatforms) = preSolution
		Debug|Any CPU = Debug|Any CPU
		Release|Any CPU = Release|Any CPU
	EndGlobalSection
	GlobalSection(ProjectConfigurationPlatforms) = postSolution
		{2B5565B9-6F5A-49F8-93A3-BF86F1A928A1}.Debug|Any CPU.ActiveCfg = Debug|Any CPU
		{2B5565B9-6F5A-49F8-93A3-BF86F1A928A1}.Debug|Any CPU.Build.0 = Debug|Any CPU
		{2B5565B9-6F5A-49F8-93A3-BF86F1A928A1}.Release|Any CPU.ActiveCfg = Release|Any CPU
		{2B5565B9-6F5A-49F8-93A3-BF86F1A928A1}.Release|Any CPU.Build.0 = Release|Any CPU
		{3F75E8C1-BE9E-4107-9417-3674C1C6B8FF}.Debug|Any CPU.ActiveCfg = Debug|Any CPU
		{3F75E8C1-BE9E-4107-9417-3674C1C6B8FF}.Debug|Any CPU.Build.0 = Debug|Any CPU
		{3F75E8C1-BE9E-4107-9417-3674C1C6B8FF}.Release|Any CPU.ActiveCfg = Release|Any CPU
		{3F75E8C1-BE9E-4107-9417-3674C1C6B8FF}.Release|Any CPU.Build.0 = Release|Any CPU
	EndGlobalSection
	GlobalSection(SolutionProperties) = preSolution
		HideSolutionNode = FALSE
	EndGlobalSection
EndGlobal
